
Microsoft Visual Studio Solution File, Format Version 12.00
# Visual Studio Version 16
VisualStudioVersion = 16.0.28803.202
MinimumVisualStudioVersion = 10.0.40219.1
Project("{FAE04EC0-301F-11D3-BF4B-00C04F79EFBC}") = "virtualPet", "virtualPet\virtualPet.csproj", "{FB350B1F-A1B6-4455-8A99-E5271A51A7D7}"
EndProject
Global
	GlobalSection(SolutionConfigurationPlatforms) = preSolution
		Debug|Any CPU = Debug|Any CPU
		Release|Any CPU = Release|Any CPU
	EndGlobalSection
	GlobalSection(ProjectConfigurationPlatforms) = postSolution
		{FB350B1F-A1B6-4455-8A99-E5271A51A7D7}.Debug|Any CPU.ActiveCfg = Debug|Any CPU
		{FB350B1F-A1B6-4455-8A99-E5271A51A7D7}.Debug|Any CPU.Build.0 = Debug|Any CPU
		{FB350B1F-A1B6-4455-8A99-E5271A51A7D7}.Release|Any CPU.ActiveCfg = Release|Any CPU
		{FB350B1F-A1B6-4455-8A99-E5271A51A7D7}.Release|Any CPU.Build.0 = Release|Any CPU
	EndGlobalSection
	GlobalSection(SolutionProperties) = preSolution
		HideSolutionNode = FALSE
	EndGlobalSection
	GlobalSection(ExtensibilityGlobals) = postSolution
		SolutionGuid = {9B77E72D-A086-4C3E-A467-8BEB754C57A0}
	EndGlobalSection
EndGlobal
